
Microsoft Visual Studio Solution File, Format Version 12.00
Project("{FAE04EC0-301F-11D3-BF4B-00C04F79EFBC}") = "CDJ", "CDJ.csproj", "{668FA527-72CD-4EDF-9CFB-B37BB95314BF}"
EndProject
Project("{FAE04EC0-301F-11D3-BF4B-00C04F79EFBC}") = "TestCDJ", "TestCDJ\TestCDJ.csproj", "{D7808DDA-0C42-4470-9257-39C977554172}"
EndProject
Global
	GlobalSection(SolutionConfigurationPlatforms) = preSolution
		Debug|Any CPU = Debug|Any CPU
		Release|Any CPU = Release|Any CPU
	EndGlobalSection
	GlobalSection(ProjectConfigurationPlatforms) = postSolution
		{668FA527-72CD-4EDF-9CFB-B37BB95314BF}.Debug|Any CPU.ActiveCfg = Debug|Any CPU
		{668FA527-72CD-4EDF-9CFB-B37BB95314BF}.Debug|Any CPU.Build.0 = Debug|Any CPU
		{668FA527-72CD-4EDF-9CFB-B37BB95314BF}.Release|Any CPU.ActiveCfg = Release|Any CPU
		{668FA527-72CD-4EDF-9CFB-B37BB95314BF}.Release|Any CPU.Build.0 = Release|Any CPU
		{D7808DDA-0C42-4470-9257-39C977554172}.Debug|Any CPU.ActiveCfg = Debug|Any CPU
		{D7808DDA-0C42-4470-9257-39C977554172}.Debug|Any CPU.Build.0 = Debug|Any CPU
		{D7808DDA-0C42-4470-9257-39C977554172}.Release|Any CPU.ActiveCfg = Release|Any CPU
		{D7808DDA-0C42-4470-9257-39C977554172}.Release|Any CPU.Build.0 = Release|Any CPU
	EndGlobalSection
EndGlobal
