
Microsoft Visual Studio Solution File, Format Version 12.00
Project("{FAE04EC0-301F-11D3-BF4B-00C04F79EFBC}") = "TestCDJ", "TestCDJ\TestCDJ.csproj", "{EC33C51B-6DFA-4EFC-A40A-A9D2C6E03432}"
EndProject
Project("{FAE04EC0-301F-11D3-BF4B-00C04F79EFBC}") = "CDJ", "CDJ\CDJ.csproj", "{3AAB1473-FBC3-452C-B8CB-E3884E191315}"
EndProject
Global
	GlobalSection(SolutionConfigurationPlatforms) = preSolution
		Debug|Any CPU = Debug|Any CPU
		Release|Any CPU = Release|Any CPU
	EndGlobalSection
	GlobalSection(ProjectConfigurationPlatforms) = postSolution
		{EC33C51B-6DFA-4EFC-A40A-A9D2C6E03432}.Debug|Any CPU.ActiveCfg = Debug|Any CPU
		{EC33C51B-6DFA-4EFC-A40A-A9D2C6E03432}.Debug|Any CPU.Build.0 = Debug|Any CPU
		{EC33C51B-6DFA-4EFC-A40A-A9D2C6E03432}.Release|Any CPU.ActiveCfg = Release|Any CPU
		{EC33C51B-6DFA-4EFC-A40A-A9D2C6E03432}.Release|Any CPU.Build.0 = Release|Any CPU
		{3AAB1473-FBC3-452C-B8CB-E3884E191315}.Debug|Any CPU.ActiveCfg = Debug|Any CPU
		{3AAB1473-FBC3-452C-B8CB-E3884E191315}.Debug|Any CPU.Build.0 = Debug|Any CPU
		{3AAB1473-FBC3-452C-B8CB-E3884E191315}.Release|Any CPU.ActiveCfg = Release|Any CPU
		{3AAB1473-FBC3-452C-B8CB-E3884E191315}.Release|Any CPU.Build.0 = Release|Any CPU
	EndGlobalSection
EndGlobal
